{
    "name": "@asu-etx/rl-client-lib",
    "version": "0.7.0",
    "lockfileVersion": 1,
    "requires": true,
    "dependencies": {
        "@types/graphql": {
            "version": "14.5.0",
            "resolved": "https://registry.npmjs.org/@types/graphql/-/graphql-14.5.0.tgz",
            "integrity": "sha512-MOkzsEp1Jk5bXuAsHsUi6BVv0zCO+7/2PTiZMXWDSsMXvNU6w/PLMQT2vHn8hy2i0JqojPz1Sz6rsFjHtsU0lA==",
            "requires": {
                "graphql": "*"
            },
            "dependencies": {
                "graphql": {
                    "version": "15.4.0",
                    "resolved": "https://registry.npmjs.org/graphql/-/graphql-15.4.0.tgz",
                    "integrity": "sha512-EB3zgGchcabbsU9cFe1j+yxdzKQKAbGUWRb13DsrsMN1yyfmmIq+2+L5MqVWcDCE4V89R5AyUOi7sMOGxdsYtA=="
                }
            }
        }
    }
}
